
Microsoft Visual Studio Solution File, Format Version 12.00
# Visual Studio Version 17
VisualStudioVersion = 17.7.34031.279
MinimumVisualStudioVersion = 10.0.40219.1
Project("{FAE04EC0-301F-11D3-BF4B-00C04F79EFBC}") = "DCI_READ_REGISTRY", "DCI_READ_REGITEY\DCI_READ_REGISTRY.csproj", "{FE6552F0-64DE-4DF4-9359-0661F38270EC}"
EndProject
Global
	GlobalSection(SolutionConfigurationPlatforms) = preSolution
		Debug|Any CPU = Debug|Any CPU
		Release|Any CPU = Release|Any CPU
	EndGlobalSection
	GlobalSection(ProjectConfigurationPlatforms) = postSolution
		{FE6552F0-64DE-4DF4-9359-0661F38270EC}.Debug|Any CPU.ActiveCfg = Debug|Any CPU
		{FE6552F0-64DE-4DF4-9359-0661F38270EC}.Debug|Any CPU.Build.0 = Debug|Any CPU
		{FE6552F0-64DE-4DF4-9359-0661F38270EC}.Release|Any CPU.ActiveCfg = Release|Any CPU
		{FE6552F0-64DE-4DF4-9359-0661F38270EC}.Release|Any CPU.Build.0 = Release|Any CPU
	EndGlobalSection
	GlobalSection(SolutionProperties) = preSolution
		HideSolutionNode = FALSE
	EndGlobalSection
	GlobalSection(ExtensibilityGlobals) = postSolution
		SolutionGuid = {0C2864CE-875F-427F-A6AD-92BBBB11A8CC}
	EndGlobalSection
EndGlobal
